// !$*UTF8*$!
{
	archiveVersion = 1;
	classes = {
	};
	objectVersion = 55;
	objects = {

/* Begin PBXBuildFile section */
		3E732C052769D99200DEB737 /* WisdomProtocolConfig.swift in Sources */ = {isa = PBXBuildFile; fileRef = 3E732BFF2769D99200DEB737 /* WisdomProtocolConfig.swift */; };
		3E732C062769D99200DEB737 /* WisdomProtocolManager.swift in Sources */ = {isa = PBXBuildFile; fileRef = 3E732C002769D99200DEB737 /* WisdomProtocolManager.swift */; };
		3E732C072769D99200DEB737 /* WisdomProtocolKit.swift in Sources */ = {isa = PBXBuildFile; fileRef = 3E732C012769D99200DEB737 /* WisdomProtocolKit.swift */; };
		3E732C082769D99200DEB737 /* WisdomProtocolUI.swift in Sources */ = {isa = PBXBuildFile; fileRef = 3E732C022769D99200DEB737 /* WisdomProtocolUI.swift */; };
		3E732C092769D99200DEB737 /* WisdomProtocolModel.swift in Sources */ = {isa = PBXBuildFile; fileRef = 3E732C032769D99200DEB737 /* WisdomProtocolModel.swift */; };
		3E732C0A2769D99200DEB737 /* WisdomProtocol.swift in Sources */ = {isa = PBXBuildFile; fileRef = 3E732C042769D99200DEB737 /* WisdomProtocol.swift */; };
		3EB09ABB2768AE24000B5021 /* AppDelegate.swift in Sources */ = {isa = PBXBuildFile; fileRef = 3EB09ABA2768AE24000B5021 /* AppDelegate.swift */; };
		3EB09ABF2768AE24000B5021 /* ViewController.swift in Sources */ = {isa = PBXBuildFile; fileRef = 3EB09ABE2768AE24000B5021 /* ViewController.swift */; };
		3EB09AC22768AE24000B5021 /* Main.storyboard in Resources */ = {isa = PBXBuildFile; fileRef = 3EB09AC02768AE24000B5021 /* Main.storyboard */; };
		3EB09AC42768AE25000B5021 /* Assets.xcassets in Resources */ = {isa = PBXBuildFile; fileRef = 3EB09AC32768AE25000B5021 /* Assets.xcassets */; };
		3EB09AC72768AE25000B5021 /* LaunchScreen.storyboard in Resources */ = {isa = PBXBuildFile; fileRef = 3EB09AC52768AE25000B5021 /* LaunchScreen.storyboard */; };
/* End PBXBuildFile section */

/* Begin PBXFileReference section */
		3E732BFF2769D99200DEB737 /* WisdomProtocolConfig.swift */ = {isa = PBXFileReference; fileEncoding = 4; lastKnownFileType = sourcecode.swift; path = WisdomProtocolConfig.swift; sourceTree = "<group>"; };
		3E732C002769D99200DEB737 /* WisdomProtocolManager.swift */ = {isa = PBXFileReference; fileEncoding = 4; lastKnownFileType = sourcecode.swift; path = WisdomProtocolManager.swift; sourceTree = "<group>"; };
		3E732C012769D99200DEB737 /* WisdomProtocolKit.swift */ = {isa = PBXFileReference; fileEncoding = 4; lastKnownFileType = sourcecode.swift; path = WisdomProtocolKit.swift; sourceTree = "<group>"; };
		3E732C022769D99200DEB737 /* WisdomProtocolUI.swift */ = {isa = PBXFileReference; fileEncoding = 4; lastKnownFileType = sourcecode.swift; path = WisdomProtocolUI.swift; sourceTree = "<group>"; };
		3E732C032769D99200DEB737 /* WisdomProtocolModel.swift */ = {isa = PBXFileReference; fileEncoding = 4; lastKnownFileType = sourcecode.swift; path = WisdomProtocolModel.swift; sourceTree = "<group>"; };
		3E732C042769D99200DEB737 /* WisdomProtocol.swift */ = {isa = PBXFileReference; fileEncoding = 4; lastKnownFileType = sourcecode.swift; path = WisdomProtocol.swift; sourceTree = "<group>"; };
		3EB09AB72768AE24000B5021 /* WisdomProtocolKit.app */ = {isa = PBXFileReference; explicitFileType = wrapper.application; includeInIndex = 0; path = WisdomProtocolKit.app; sourceTree = BUILT_PRODUCTS_DIR; };
		3EB09ABA2768AE24000B5021 /* AppDelegate.swift */ = {isa = PBXFileReference; lastKnownFileType = sourcecode.swift; path = AppDelegate.swift; sourceTree = "<group>"; };
		3EB09ABE2768AE24000B5021 /* ViewController.swift */ = {isa = PBXFileReference; lastKnownFileType = sourcecode.swift; path = ViewController.swift; sourceTree = "<group>"; };
		3EB09AC12768AE24000B5021 /* Base */ = {isa = PBXFileReference; lastKnownFileType = file.storyboard; name = Base; path = Base.lproj/Main.storyboard; sourceTree = "<group>"; };
		3EB09AC32768AE25000B5021 /* Assets.xcassets */ = {isa = PBXFileReference; lastKnownFileType = folder.assetcatalog; path = Assets.xcassets; sourceTree = "<group>"; };
		3EB09AC62768AE25000B5021 /* Base */ = {isa = PBXFileReference; lastKnownFileType = file.storyboard; name = Base; path = Base.lproj/LaunchScreen.storyboard; sourceTree = "<group>"; };
		3EB09AC82768AE25000B5021 /* Info.plist */ = {isa = PBXFileReference; lastKnownFileType = text.plist.xml; path = Info.plist; sourceTree = "<group>"; };
/* End PBXFileReference section */

/* Begin PBXFrameworksBuildPhase section */
		3EB09AB42768AE24000B5021 /* Frameworks */ = {
			isa = PBXFrameworksBuildPhase;
			buildActionMask = 2147483647;
			files = (
			);
			runOnlyForDeploymentPostprocessing = 0;
		};
/* End PBXFrameworksBuildPhase section */

/* Begin PBXGroup section */
		3E732BFE2769D99200DEB737 /* WisdomProtocolKit */ = {
			isa = PBXGroup;
			children = (
				3E732C012769D99200DEB737 /* WisdomProtocolKit.swift */,
				3E732C042769D99200DEB737 /* WisdomProtocol.swift */,
				3E732BFF2769D99200DEB737 /* WisdomProtocolConfig.swift */,
				3E732C032769D99200DEB737 /* WisdomProtocolModel.swift */,
				3E732C022769D99200DEB737 /* WisdomProtocolUI.swift */,
				3E732C002769D99200DEB737 /* WisdomProtocolManager.swift */,
			);
			path = WisdomProtocolKit;
			sourceTree = "<group>";
		};
		3EB09AAE2768AE24000B5021 = {
			isa = PBXGroup;
			children = (
				3EB09AB92768AE24000B5021 /* WisdomProtocolKit */,
				3EB09AB82768AE24000B5021 /* Products */,
			);
			sourceTree = "<group>";
		};
		3EB09AB82768AE24000B5021 /* Products */ = {
			isa = PBXGroup;
			children = (
				3EB09AB72768AE24000B5021 /* WisdomProtocolKit.app */,
			);
			name = Products;
			sourceTree = "<group>";
		};
		3EB09AB92768AE24000B5021 /* WisdomProtocolKit */ = {
			isa = PBXGroup;
			children = (
				3E732BFE2769D99200DEB737 /* WisdomProtocolKit */,
				3EB09ABA2768AE24000B5021 /* AppDelegate.swift */,
				3EB09ABE2768AE24000B5021 /* ViewController.swift */,
				3EB09AC02768AE24000B5021 /* Main.storyboard */,
				3EB09AC32768AE25000B5021 /* Assets.xcassets */,
				3EB09AC52768AE25000B5021 /* LaunchScreen.storyboard */,
				3EB09AC82768AE25000B5021 /* Info.plist */,
			);
			path = WisdomProtocolKit;
			sourceTree = "<group>";
		};
/* End PBXGroup section */

/* Begin PBXNativeTarget section */
		3EB09AB62768AE24000B5021 /* WisdomProtocolKit */ = {
			isa = PBXNativeTarget;
			buildConfigurationList = 3EB09ACB2768AE25000B5021 /* Build configuration list for PBXNativeTarget "WisdomProtocolKit" */;
			buildPhases = (
				3EB09AB32768AE24000B5021 /* Sources */,
				3EB09AB42768AE24000B5021 /* Frameworks */,
				3EB09AB52768AE24000B5021 /* Resources */,
			);
			buildRules = (
			);
			dependencies = (
			);
			name = WisdomProtocolKit;
			productName = WisdomProtocolKit;
			productReference = 3EB09AB72768AE24000B5021 /* WisdomProtocolKit.app */;
			productType = "com.apple.product-type.application";
		};
/* End PBXNativeTarget section */

/* Begin PBXProject section */
		3EB09AAF2768AE24000B5021 /* Project object */ = {
			isa = PBXProject;
			attributes = {
				BuildIndependentTargetsInParallel = 1;
				LastSwiftUpdateCheck = 1310;
				LastUpgradeCheck = 1310;
				TargetAttributes = {
					3EB09AB62768AE24000B5021 = {
						CreatedOnToolsVersion = 13.1;
					};
				};
			};
			buildConfigurationList = 3EB09AB22768AE24000B5021 /* Build configuration list for PBXProject "WisdomProtocolKit" */;
			compatibilityVersion = "Xcode 13.0";
			developmentRegion = en;
			hasScannedForEncodings = 0;
			knownRegions = (
				en,
				Base,
			);
			mainGroup = 3EB09AAE2768AE24000B5021;
			productRefGroup = 3EB09AB82768AE24000B5021 /* Products */;
			projectDirPath = "";
			projectRoot = "";
			targets = (
				3EB09AB62768AE24000B5021 /* WisdomProtocolKit */,
			);
		};
/* End PBXProject section */

/* Begin PBXResourcesBuildPhase section */
		3EB09AB52768AE24000B5021 /* Resources */ = {
			isa = PBXResourcesBuildPhase;
			buildActionMask = 2147483647;
			files = (
				3EB09AC72768AE25000B5021 /* LaunchScreen.storyboard in Resources */,
				3EB09AC42768AE25000B5021 /* Assets.xcassets in Resources */,
				3EB09AC22768AE24000B5021 /* Main.storyboard in Resources */,
			);
			runOnlyForDeploymentPostprocessing = 0;
		};
/* End PBXResourcesBuildPhase section */

/* Begin PBXSourcesBuildPhase section */
		3EB09AB32768AE24000B5021 /* Sources */ = {
			isa = PBXSourcesBuildPhase;
			buildActionMask = 2147483647;
			files = (
				3E732C082769D99200DEB737 /* WisdomProtocolUI.swift in Sources */,
				3EB09ABF2768AE24000B5021 /* ViewController.swift in Sources */,
				3E732C052769D99200DEB737 /* WisdomProtocolConfig.swift in Sources */,
				3E732C062769D99200DEB737 /* WisdomProtocolManager.swift in Sources */,
				3E732C0A2769D99200DEB737 /* WisdomProtocol.swift in Sources */,
				3E732C092769D99200DEB737 /* WisdomProtocolModel.swift in Sources */,
				3EB09ABB2768AE24000B5021 /* AppDelegate.swift in Sources */,
				3E732C072769D99200DEB737 /* WisdomProtocolKit.swift in Sources */,
			);
			runOnlyForDeploymentPostprocessing = 0;
		};
/* End PBXSourcesBuildPhase section */

/* Begin PBXVariantGroup section */
		3EB09AC02768AE24000B5021 /* Main.storyboard */ = {
			isa = PBXVariantGroup;
			children = (
				3EB09AC12768AE24000B5021 /* Base */,
			);
			name = Main.storyboard;
			sourceTree = "<group>";
		};
		3EB09AC52768AE25000B5021 /* LaunchScreen.storyboard */ = {
			isa = PBXVariantGroup;
			children = (
				3EB09AC62768AE25000B5021 /* Base */,
			);
			name = LaunchScreen.storyboard;
			sourceTree = "<group>";
		};
/* End PBXVariantGroup section */

/* Begin XCBuildConfiguration section */
		3EB09AC92768AE25000B5021 /* Debug */ = {
			isa = XCBuildConfiguration;
			buildSettings = {
				ALWAYS_SEARCH_USER_PATHS = NO;
				CLANG_ANALYZER_NONNULL = YES;
				CLANG_ANALYZER_NUMBER_OBJECT_CONVERSION = YES_AGGRESSIVE;
				CLANG_CXX_LANGUAGE_STANDARD = "gnu++17";
				CLANG_CXX_LIBRARY = "libc++";
				CLANG_ENABLE_MODULES = YES;
				CLANG_ENABLE_OBJC_ARC = YES;
				CLANG_ENABLE_OBJC_WEAK = YES;
				CLANG_WARN_BLOCK_CAPTURE_AUTORELEASING = YES;
				CLANG_WARN_BOOL_CONVERSION = YES;
				CLANG_WARN_COMMA = YES;
				CLANG_WARN_CONSTANT_CONVERSION = YES;
				CLANG_WARN_DEPRECATED_OBJC_IMPLEMENTATIONS = YES;
				CLANG_WARN_DIRECT_OBJC_ISA_USAGE = YES_ERROR;
				CLANG_WARN_DOCUMENTATION_COMMENTS = YES;
				CLANG_WARN_EMPTY_BODY = YES;
				CLANG_WARN_ENUM_CONVERSION = YES;
				CLANG_WARN_INFINITE_RECURSION = YES;
				CLANG_WARN_INT_CONVERSION = YES;
				CLANG_WARN_NON_LITERAL_NULL_CONVERSION = YES;
				CLANG_WARN_OBJC_IMPLICIT_RETAIN_SELF = YES;
				CLANG_WARN_OBJC_LITERAL_CONVERSION = YES;
				CLANG_WARN_OBJC_ROOT_CLASS = YES_ERROR;
				CLANG_WARN_QUOTED_INCLUDE_IN_FRAMEWORK_HEADER = YES;
				CLANG_WARN_RANGE_LOOP_ANALYSIS = YES;
				CLANG_WARN_STRICT_PROTOTYPES = YES;
				CLANG_WARN_SUSPICIOUS_MOVE = YES;
				CLANG_WARN_UNGUARDED_AVAILABILITY = YES_AGGRESSIVE;
				CLANG_WARN_UNREACHABLE_CODE = YES;
				CLANG_WARN__DUPLICATE_METHOD_MATCH = YES;
				COPY_PHASE_STRIP = NO;
				DEBUG_INFORMATION_FORMAT = dwarf;
				ENABLE_STRICT_OBJC_MSGSEND = YES;
				ENABLE_TESTABILITY = YES;
				GCC_C_LANGUAGE_STANDARD = gnu11;
				GCC_DYNAMIC_NO_PIC = NO;
				GCC_NO_COMMON_BLOCKS = YES;
				GCC_OPTIMIZATION_LEVEL = 0;
				GCC_PREPROCESSOR_DEFINITIONS = (
					"DEBUG=1",
					"$(inherited)",
				);
				GCC_WARN_64_TO_32_BIT_CONVERSION = YES;
				GCC_WARN_ABOUT_RETURN_TYPE = YES_ERROR;
				GCC_WARN_UNDECLARED_SELECTOR = YES;
				GCC_WARN_UNINITIALIZED_AUTOS = YES_AGGRESSIVE;
				GCC_WARN_UNUSED_FUNCTION = YES;
				GCC_WARN_UNUSED_VARIABLE = YES;
				IPHONEOS_DEPLOYMENT_TARGET = 15.0;
				MTL_ENABLE_DEBUG_INFO = INCLUDE_SOURCE;
				MTL_FAST_MATH = YES;
				ONLY_ACTIVE_ARCH = YES;
				SDKROOT = iphoneos;
				SWIFT_ACTIVE_COMPILATION_CONDITIONS = DEBUG;
				SWIFT_OPTIMIZATION_LEVEL = "-Onone";
			};
			name = Debug;
		};
		3EB09ACA2768AE25000B5021 /* Release */ = {
			isa = XCBuildConfiguration;
			buildSettings = {
				ALWAYS_SEARCH_USER_PATHS = NO;
				CLANG_ANALYZER_NONNULL = YES;
				CLANG_ANALYZER_NUMBER_OBJECT_CONVERSION = YES_AGGRESSIVE;
				CLANG_CXX_LANGUAGE_STANDARD = "gnu++17";
				CLANG_CXX_LIBRARY = "libc++";
				CLANG_ENABLE_MODULES = YES;
				CLANG_ENABLE_OBJC_ARC = YES;
				CLANG_ENABLE_OBJC_WEAK = YES;
				CLANG_WARN_BLOCK_CAPTURE_AUTORELEASING = YES;
				CLANG_WARN_BOOL_CONVERSION = YES;
				CLANG_WARN_COMMA = YES;
				CLANG_WARN_CONSTANT_CONVERSION = YES;
				CLANG_WARN_DEPRECATED_OBJC_IMPLEMENTATIONS = YES;
				CLANG_WARN_DIRECT_OBJC_ISA_USAGE = YES_ERROR;
				CLANG_WARN_DOCUMENTATION_COMMENTS = YES;
				CLANG_WARN_EMPTY_BODY = YES;
				CLANG_WARN_ENUM_CONVERSION = YES;
				CLANG_WARN_INFINITE_RECURSION = YES;
				CLANG_WARN_INT_CONVERSION = YES;
				CLANG_WARN_NON_LITERAL_NULL_CONVERSION = YES;
				CLANG_WARN_OBJC_IMPLICIT_RETAIN_SELF = YES;
				CLANG_WARN_OBJC_LITERAL_CONVERSION = YES;
				CLANG_WARN_OBJC_ROOT_CLASS = YES_ERROR;
				CLANG_WARN_QUOTED_INCLUDE_IN_FRAMEWORK_HEADER = YES;
				CLANG_WARN_RANGE_LOOP_ANALYSIS = YES;
				CLANG_WARN_STRICT_PROTOTYPES = YES;
				CLANG_WARN_SUSPICIOUS_MOVE = YES;
				CLANG_WARN_UNGUARDED_AVAILABILITY = YES_AGGRESSIVE;
				CLANG_WARN_UNREACHABLE_CODE = YES;
				CLANG_WARN__DUPLICATE_METHOD_MATCH = YES;
				COPY_PHASE_STRIP = NO;
				DEBUG_INFORMATION_FORMAT = "dwarf-with-dsym";
				ENABLE_NS_ASSERTIONS = NO;
				ENABLE_STRICT_OBJC_MSGSEND = YES;
				GCC_C_LANGUAGE_STANDARD = gnu11;
				GCC_NO_COMMON_BLOCKS = YES;
				GCC_WARN_64_TO_32_BIT_CONVERSION = YES;
				GCC_WARN_ABOUT_RETURN_TYPE = YES_ERROR;
				GCC_WARN_UNDECLARED_SELECTOR = YES;
				GCC_WARN_UNINITIALIZED_AUTOS = YES_AGGRESSIVE;
				GCC_WARN_UNUSED_FUNCTION = YES;
				GCC_WARN_UNUSED_VARIABLE = YES;
				IPHONEOS_DEPLOYMENT_TARGET = 15.0;
				MTL_ENABLE_DEBUG_INFO = NO;
				MTL_FAST_MATH = YES;
				SDKROOT = iphoneos;
				SWIFT_COMPILATION_MODE = wholemodule;
				SWIFT_OPTIMIZATION_LEVEL = "-O";
				VALIDATE_PRODUCT = YES;
			};
			name = Release;
		};
		3EB09ACC2768AE25000B5021 /* Debug */ = {
			isa = XCBuildConfiguration;
			buildSettings = {
				ASSETCATALOG_COMPILER_APPICON_NAME = AppIcon;
				ASSETCATALOG_COMPILER_GLOBAL_ACCENT_COLOR_NAME = AccentColor;
				CODE_SIGN_STYLE = Automatic;
				CURRENT_PROJECT_VERSION = 1;
				DEVELOPMENT_TEAM = K642JBDXU5;
				GENERATE_INFOPLIST_FILE = YES;
				INFOPLIST_FILE = WisdomProtocolKit/Info.plist;
				INFOPLIST_KEY_UIApplicationSupportsIndirectInputEvents = YES;
				INFOPLIST_KEY_UILaunchStoryboardName = LaunchScreen;
				INFOPLIST_KEY_UISupportedInterfaceOrientations_iPad = "UIInterfaceOrientationPortrait UIInterfaceOrientationPortraitUpsideDown UIInterfaceOrientationLandscapeLeft UIInterfaceOrientationLandscapeRight";
				INFOPLIST_KEY_UISupportedInterfaceOrientations_iPhone = "UIInterfaceOrientationPortrait UIInterfaceOrientationLandscapeLeft UIInterfaceOrientationLandscapeRight";
				IPHONEOS_DEPLOYMENT_TARGET = 9.0;
				LD_RUNPATH_SEARCH_PATHS = (
					"$(inherited)",
					"@executable_path/Frameworks",
				);
				MARKETING_VERSION = 1.0;
				PRODUCT_BUNDLE_IDENTIFIER = starImage.WisdomProtocolKit;
				PRODUCT_NAME = "$(TARGET_NAME)";
				SWIFT_EMIT_LOC_STRINGS = YES;
				SWIFT_VERSION = 5.0;
				TARGETED_DEVICE_FAMILY = "1,2";
			};
			name = Debug;
		};
		3EB09ACD2768AE25000B5021 /* Release */ = {
			isa = XCBuildConfiguration;
			buildSettings = {
				ASSETCATALOG_COMPILER_APPICON_NAME = AppIcon;
				ASSETCATALOG_COMPILER_GLOBAL_ACCENT_COLOR_NAME = AccentColor;
				CODE_SIGN_STYLE = Automatic;
				CURRENT_PROJECT_VERSION = 1;
				DEVELOPMENT_TEAM = K642JBDXU5;
				GENERATE_INFOPLIST_FILE = YES;
				INFOPLIST_FILE = WisdomProtocolKit/Info.plist;
				INFOPLIST_KEY_UIApplicationSupportsIndirectInputEvents = YES;
				INFOPLIST_KEY_UILaunchStoryboardName = LaunchScreen;
				INFOPLIST_KEY_UISupportedInterfaceOrientations_iPad = "UIInterfaceOrientationPortrait UIInterfaceOrientationPortraitUpsideDown UIInterfaceOrientationLandscapeLeft UIInterfaceOrientationLandscapeRight";
				INFOPLIST_KEY_UISupportedInterfaceOrientations_iPhone = "UIInterfaceOrientationPortrait UIInterfaceOrientationLandscapeLeft UIInterfaceOrientationLandscapeRight";
				IPHONEOS_DEPLOYMENT_TARGET = 9.0;
				LD_RUNPATH_SEARCH_PATHS = (
					"$(inherited)",
					"@executable_path/Frameworks",
				);
				MARKETING_VERSION = 1.0;
				PRODUCT_BUNDLE_IDENTIFIER = starImage.WisdomProtocolKit;
				PRODUCT_NAME = "$(TARGET_NAME)";
				SWIFT_EMIT_LOC_STRINGS = YES;
				SWIFT_VERSION = 5.0;
				TARGETED_DEVICE_FAMILY = "1,2";
			};
			name = Release;
		};
/* End XCBuildConfiguration section */

/* Begin XCConfigurationList section */
		3EB09AB22768AE24000B5021 /* Build configuration list for PBXProject "WisdomProtocolKit" */ = {
			isa = XCConfigurationList;
			buildConfigurations = (
				3EB09AC92768AE25000B5021 /* Debug */,
				3EB09ACA2768AE25000B5021 /* Release */,
			);
			defaultConfigurationIsVisible = 0;
			defaultConfigurationName = Release;
		};
		3EB09ACB2768AE25000B5021 /* Build configuration list for PBXNativeTarget "WisdomProtocolKit" */ = {
			isa = XCConfigurationList;
			buildConfigurations = (
				3EB09ACC2768AE25000B5021 /* Debug */,
				3EB09ACD2768AE25000B5021 /* Release */,
			);
			defaultConfigurationIsVisible = 0;
			defaultConfigurationName = Release;
		};
/* End XCConfigurationList section */
	};
	rootObject = 3EB09AAF2768AE24000B5021 /* Project object */;
}
